
Microsoft Visual Studio Solution File, Format Version 12.00
# Visual Studio 14
VisualStudioVersion = 14.0.25123.0
MinimumVisualStudioVersion = 10.0.40219.1
Project("{FAE04EC0-301F-11D3-BF4B-00C04F79EFBC}") = "Msmq.OnlineShop.Integration", "Msmq.OnlineShop.Integration\Msmq.OnlineShop.Integration.csproj", "{EC7B91C3-2525-40CA-8944-9C5D85890BF7}"
EndProject
Project("{FAE04EC0-301F-11D3-BF4B-00C04F79EFBC}") = "Msmq.OnlineShop.Messages", "Msmq.OnlineShop.Messages\Msmq.OnlineShop.Messages.csproj", "{96A6595F-0886-48F2-970B-F57AD69A47DA}"
EndProject
Project("{FAE04EC0-301F-11D3-BF4B-00C04F79EFBC}") = "Msmq.OnlineShop.Common", "Msmq.OnlineShop.Common\Msmq.OnlineShop.Common.csproj", "{37C38883-3B68-4651-BA6C-B7206A56C92B}"
EndProject
Project("{FAE04EC0-301F-11D3-BF4B-00C04F79EFBC}") = "Msmq.OnlineShop.Client", "Msmq.OnlineShop.Client\Msmq.OnlineShop.Client.csproj", "{4BFE03D5-D420-44DD-B3EB-B043076E4F73}"
EndProject
Project("{2150E333-8FDC-42A3-9474-1A3956D46DE8}") = "Handlers", "Handlers", "{CBBFDDA0-933C-4DCE-9C0F-8BA8B1253FFC}"
EndProject
Project("{2150E333-8FDC-42A3-9474-1A3956D46DE8}") = "Web", "Web", "{BE69D836-92AE-4605-AB3A-4ADDB8C9F3C0}"
EndProject
Project("{2150E333-8FDC-42A3-9474-1A3956D46DE8}") = "MSMQ", "MSMQ", "{A109CFEF-CCEF-4AB7-AA0B-E4E951812BEC}"
EndProject
Project("{FAE04EC0-301F-11D3-BF4B-00C04F79EFBC}") = "Msmq.OnlineShop.Db", "Msmq.OnlineShop.Db\Msmq.OnlineShop.Db.csproj", "{E750BFEF-2B28-4F5F-AF07-FB58AB78DDD1}"
EndProject
Project("{2150E333-8FDC-42A3-9474-1A3956D46DE8}") = "Data", "Data", "{3ED7E652-F4D0-43AC-B86C-F1BF45D91C1E}"
EndProject
Project("{FAE04EC0-301F-11D3-BF4B-00C04F79EFBC}") = "Msmq.OnlineShop.Entities", "Msmq.OnlineShop.Entities\Msmq.OnlineShop.Entities.csproj", "{147445E9-07F2-44D0-B231-1CEE2CA122AB}"
EndProject
Project("{FAE04EC0-301F-11D3-BF4B-00C04F79EFBC}") = "Msmq.OnlineShop.ViewModels", "Msmq.OnlineShop.ViewModels\Msmq.OnlineShop.ViewModels.csproj", "{EE5DDCE6-35AF-4205-B21D-AD31714DF222}"
EndProject
Project("{FAE04EC0-301F-11D3-BF4B-00C04F79EFBC}") = "Msmq.OnlineShop.InventoryHandler", "Msmq.OnlineShop.InventoryHandler\Msmq.OnlineShop.InventoryHandler.csproj", "{1DCA7913-0995-437E-9B24-AF3C8037F905}"
EndProject
Project("{FAE04EC0-301F-11D3-BF4B-00C04F79EFBC}") = "Msmq.OnlineShop.ApplicationServices", "Msmq.OnlineShop.ApplicationServices\Msmq.OnlineShop.ApplicationServices.csproj", "{CAF89B16-C9BA-4A47-9682-3C56A12D2E0A}"
EndProject
Global
	GlobalSection(SolutionConfigurationPlatforms) = preSolution
		Debug|Any CPU = Debug|Any CPU
		Release|Any CPU = Release|Any CPU
	EndGlobalSection
	GlobalSection(ProjectConfigurationPlatforms) = postSolution
		{EC7B91C3-2525-40CA-8944-9C5D85890BF7}.Debug|Any CPU.ActiveCfg = Debug|Any CPU
		{EC7B91C3-2525-40CA-8944-9C5D85890BF7}.Debug|Any CPU.Build.0 = Debug|Any CPU
		{EC7B91C3-2525-40CA-8944-9C5D85890BF7}.Release|Any CPU.ActiveCfg = Release|Any CPU
		{EC7B91C3-2525-40CA-8944-9C5D85890BF7}.Release|Any CPU.Build.0 = Release|Any CPU
		{96A6595F-0886-48F2-970B-F57AD69A47DA}.Debug|Any CPU.ActiveCfg = Debug|Any CPU
		{96A6595F-0886-48F2-970B-F57AD69A47DA}.Debug|Any CPU.Build.0 = Debug|Any CPU
		{96A6595F-0886-48F2-970B-F57AD69A47DA}.Release|Any CPU.ActiveCfg = Release|Any CPU
		{96A6595F-0886-48F2-970B-F57AD69A47DA}.Release|Any CPU.Build.0 = Release|Any CPU
		{37C38883-3B68-4651-BA6C-B7206A56C92B}.Debug|Any CPU.ActiveCfg = Debug|Any CPU
		{37C38883-3B68-4651-BA6C-B7206A56C92B}.Debug|Any CPU.Build.0 = Debug|Any CPU
		{37C38883-3B68-4651-BA6C-B7206A56C92B}.Release|Any CPU.ActiveCfg = Release|Any CPU
		{37C38883-3B68-4651-BA6C-B7206A56C92B}.Release|Any CPU.Build.0 = Release|Any CPU
		{4BFE03D5-D420-44DD-B3EB-B043076E4F73}.Debug|Any CPU.ActiveCfg = Debug|Any CPU
		{4BFE03D5-D420-44DD-B3EB-B043076E4F73}.Debug|Any CPU.Build.0 = Debug|Any CPU
		{4BFE03D5-D420-44DD-B3EB-B043076E4F73}.Release|Any CPU.ActiveCfg = Release|Any CPU
		{4BFE03D5-D420-44DD-B3EB-B043076E4F73}.Release|Any CPU.Build.0 = Release|Any CPU
		{E750BFEF-2B28-4F5F-AF07-FB58AB78DDD1}.Debug|Any CPU.ActiveCfg = Debug|Any CPU
		{E750BFEF-2B28-4F5F-AF07-FB58AB78DDD1}.Debug|Any CPU.Build.0 = Debug|Any CPU
		{E750BFEF-2B28-4F5F-AF07-FB58AB78DDD1}.Release|Any CPU.ActiveCfg = Release|Any CPU
		{E750BFEF-2B28-4F5F-AF07-FB58AB78DDD1}.Release|Any CPU.Build.0 = Release|Any CPU
		{147445E9-07F2-44D0-B231-1CEE2CA122AB}.Debug|Any CPU.ActiveCfg = Debug|Any CPU
		{147445E9-07F2-44D0-B231-1CEE2CA122AB}.Debug|Any CPU.Build.0 = Debug|Any CPU
		{147445E9-07F2-44D0-B231-1CEE2CA122AB}.Release|Any CPU.ActiveCfg = Release|Any CPU
		{147445E9-07F2-44D0-B231-1CEE2CA122AB}.Release|Any CPU.Build.0 = Release|Any CPU
		{EE5DDCE6-35AF-4205-B21D-AD31714DF222}.Debug|Any CPU.ActiveCfg = Debug|Any CPU
		{EE5DDCE6-35AF-4205-B21D-AD31714DF222}.Debug|Any CPU.Build.0 = Debug|Any CPU
		{EE5DDCE6-35AF-4205-B21D-AD31714DF222}.Release|Any CPU.ActiveCfg = Release|Any CPU
		{EE5DDCE6-35AF-4205-B21D-AD31714DF222}.Release|Any CPU.Build.0 = Release|Any CPU
		{1DCA7913-0995-437E-9B24-AF3C8037F905}.Debug|Any CPU.ActiveCfg = Debug|Any CPU
		{1DCA7913-0995-437E-9B24-AF3C8037F905}.Debug|Any CPU.Build.0 = Debug|Any CPU
		{1DCA7913-0995-437E-9B24-AF3C8037F905}.Release|Any CPU.ActiveCfg = Release|Any CPU
		{1DCA7913-0995-437E-9B24-AF3C8037F905}.Release|Any CPU.Build.0 = Release|Any CPU
		{CAF89B16-C9BA-4A47-9682-3C56A12D2E0A}.Debug|Any CPU.ActiveCfg = Debug|Any CPU
		{CAF89B16-C9BA-4A47-9682-3C56A12D2E0A}.Debug|Any CPU.Build.0 = Debug|Any CPU
		{CAF89B16-C9BA-4A47-9682-3C56A12D2E0A}.Release|Any CPU.ActiveCfg = Release|Any CPU
		{CAF89B16-C9BA-4A47-9682-3C56A12D2E0A}.Release|Any CPU.Build.0 = Release|Any CPU
	EndGlobalSection
	GlobalSection(SolutionProperties) = preSolution
		HideSolutionNode = FALSE
	EndGlobalSection
	GlobalSection(NestedProjects) = preSolution
		{EC7B91C3-2525-40CA-8944-9C5D85890BF7} = {A109CFEF-CCEF-4AB7-AA0B-E4E951812BEC}
		{96A6595F-0886-48F2-970B-F57AD69A47DA} = {A109CFEF-CCEF-4AB7-AA0B-E4E951812BEC}
		{37C38883-3B68-4651-BA6C-B7206A56C92B} = {A109CFEF-CCEF-4AB7-AA0B-E4E951812BEC}
		{4BFE03D5-D420-44DD-B3EB-B043076E4F73} = {BE69D836-92AE-4605-AB3A-4ADDB8C9F3C0}
		{E750BFEF-2B28-4F5F-AF07-FB58AB78DDD1} = {3ED7E652-F4D0-43AC-B86C-F1BF45D91C1E}
		{147445E9-07F2-44D0-B231-1CEE2CA122AB} = {3ED7E652-F4D0-43AC-B86C-F1BF45D91C1E}
		{EE5DDCE6-35AF-4205-B21D-AD31714DF222} = {BE69D836-92AE-4605-AB3A-4ADDB8C9F3C0}
		{1DCA7913-0995-437E-9B24-AF3C8037F905} = {CBBFDDA0-933C-4DCE-9C0F-8BA8B1253FFC}
		{CAF89B16-C9BA-4A47-9682-3C56A12D2E0A} = {BE69D836-92AE-4605-AB3A-4ADDB8C9F3C0}
	EndGlobalSection
EndGlobal
